
Microsoft Visual Studio Solution File, Format Version 12.00
# Visual Studio 15
VisualStudioVersion = 15.0.27703.2000
MinimumVisualStudioVersion = 10.0.40219.1
Project("{FAE04EC0-301F-11D3-BF4B-00C04F79EFBC}") = "Archiever", "Archiever\Archiever.csproj", "{F2212913-0C07-48ED-B955-E1EE9F8CC52D}"
EndProject
Global
	GlobalSection(SolutionConfigurationPlatforms) = preSolution
		Debug|Any CPU = Debug|Any CPU
		Release|Any CPU = Release|Any CPU
	EndGlobalSection
	GlobalSection(ProjectConfigurationPlatforms) = postSolution
		{F2212913-0C07-48ED-B955-E1EE9F8CC52D}.Debug|Any CPU.ActiveCfg = Debug|Any CPU
		{F2212913-0C07-48ED-B955-E1EE9F8CC52D}.Debug|Any CPU.Build.0 = Debug|Any CPU
		{F2212913-0C07-48ED-B955-E1EE9F8CC52D}.Release|Any CPU.ActiveCfg = Release|Any CPU
		{F2212913-0C07-48ED-B955-E1EE9F8CC52D}.Release|Any CPU.Build.0 = Release|Any CPU
	EndGlobalSection
	GlobalSection(SolutionProperties) = preSolution
		HideSolutionNode = FALSE
	EndGlobalSection
	GlobalSection(ExtensibilityGlobals) = postSolution
		SolutionGuid = {6E880E76-8CB9-4CF9-AC80-7E9D136D63AE}
	EndGlobalSection
EndGlobal
